github.com/bds421/rho-llm v0.1.18 h1:8Zp/41ouQthZNd6W4zgLwM3oIJmzQpF3fr7TFQSWNM4=
github.com/bds421/rho-llm v0.1.18/go.mod h1:LEhfJA5vstvQeIXE8elltyOgJo+YEOPJq4fZ/8SABYE=
github.com/bds421/rho-llm v0.1.22 h1:EyvW3b8zJBrqe6oa11645OKyyuYVnTiSJluBen/0bhc=
github.com/bds421/rho-llm v0.1.22/go.mod h1:LEhfJA5vstvQeIXE8elltyOgJo+YEOPJq4fZ/8SABYE=
github.com/bds421/rho-llm v0.2.1 h1:bvyGfAJxdAredXlC0Iv3O/ALujoPrSqb1FnacIEIGHc=
github.com/bds421/rho-llm v0.2.1/go.mod h1:LEhfJA5vstvQeIXE8elltyOgJo+YEOPJq4fZ/8SABYE=
github.com/bds421/rho-llm v0.2.2 h1:KtmqSsOCWlIQdrvxPiQlCooXHq0bVfxHmzBQXRP7RvI=
github.com/bds421/rho-llm v0.2.2/go.mod h1:LEhfJA5vstvQeIXE8elltyOgJo+YEOPJq4fZ/8SABYE=
github.com/bds421/rho-llm v0.2.3 h1:CaZ+VX4jUpGXBCyJDKYLx0ajwvIJPUzBc6lta25kcVk=
github.com/bds421/rho-llm v0.2.3/go.mod h1:LEhfJA5vstvQeIXE8elltyOgJo+YEOPJq4fZ/8SABYE=
gopkg.in/check.v1 v0.0.0-20161208181325-20d25e280405 h1:yhCVgyC4o1eVCa2tZl7eS0r+SDo693bJlVdllGtEeKM=
gopkg.in/check.v1 v0.0.0-20161208181325-20d25e280405/go.mod h1:Co6ibVJAznAaIkqp8huTwlJQCZ016jof/cbN4VW5Yz0=
gopkg.in/yaml.v3 v3.0.1 h1:fxVm/GzAzEWqLHuvctI91KS9hhNmmWOoWu0XTYJS7CA=
gopkg.in/yaml.v3 v3.0.1/go.mod h1:K4uyk7z7BCEPqu6E+C64Yfv1cQ7kz7rIZviUmN+EgEM=
