github.com/bds421/rho-llm v0.1.18 h1:8Zp/41ouQthZNd6W4zgLwM3oIJmzQpF3fr7TFQSWNM4=
github.com/bds421/rho-llm v0.1.18/go.mod h1:LEhfJA5vstvQeIXE8elltyOgJo+YEOPJq4fZ/8SABYE=
github.com/bds421/rho-llm v0.1.22 h1:EyvW3b8zJBrqe6oa11645OKyyuYVnTiSJluBen/0bhc=
github.com/bds421/rho-llm v0.1.22/go.mod h1:LEhfJA5vstvQeIXE8elltyOgJo+YEOPJq4fZ/8SABYE=
github.com/bds421/rho-llm v0.2.1 h1:bvyGfAJxdAredXlC0Iv3O/ALujoPrSqb1FnacIEIGHc=
github.com/bds421/rho-llm v0.2.1/go.mod h1:LEhfJA5vstvQeIXE8elltyOgJo+YEOPJq4fZ/8SABYE=
